
Microsoft Visual Studio Solution File, Format Version 12.00
# Visual Studio 15
VisualStudioVersion = 15.0.26430.16
MinimumVisualStudioVersion = 10.0.40219.1
Project("{FAE04EC0-301F-11D3-BF4B-00C04F79EFBC}") = "AccesoDatos", "AccesoDatos\AccesoDatos.csproj", "{FA92EFE3-93A8-4D29-AB25-0D5B6D5D895B}"
EndProject
Project("{FAE04EC0-301F-11D3-BF4B-00C04F79EFBC}") = "Dominio", "Dominio\Dominio.csproj", "{7B5952BA-2E3C-4C3C-BBA9-D77EE7B52A9F}"
EndProject
Project("{FAE04EC0-301F-11D3-BF4B-00C04F79EFBC}") = "Datos", "Datos\Datos.csproj", "{FA3C5775-5C6F-4CAE-8653-94E62A162E6A}"
EndProject
Project("{FAE04EC0-301F-11D3-BF4B-00C04F79EFBC}") = "Negocio", "Negocio\Negocio.csproj", "{38971CD5-208A-4491-BA49-246B94ECBE19}"
EndProject
Project("{FAE04EC0-301F-11D3-BF4B-00C04F79EFBC}") = "Presentacion", "Presentacion\Presentacion.csproj", "{8D8F4928-2CC2-4F73-8EB4-EA5B39661E0A}"
EndProject
Project("{FAE04EC0-301F-11D3-BF4B-00C04F79EFBC}") = "DatosPersist", "DatosPersist\DatosPersist.csproj", "{88437B7E-C337-47C5-A14F-C5D9573D498B}"
EndProject
Global
	GlobalSection(SolutionConfigurationPlatforms) = preSolution
		Debug|Any CPU = Debug|Any CPU
		Release|Any CPU = Release|Any CPU
	EndGlobalSection
	GlobalSection(ProjectConfigurationPlatforms) = postSolution
		{FA92EFE3-93A8-4D29-AB25-0D5B6D5D895B}.Debug|Any CPU.ActiveCfg = Debug|Any CPU
		{FA92EFE3-93A8-4D29-AB25-0D5B6D5D895B}.Debug|Any CPU.Build.0 = Debug|Any CPU
		{FA92EFE3-93A8-4D29-AB25-0D5B6D5D895B}.Release|Any CPU.ActiveCfg = Release|Any CPU
		{FA92EFE3-93A8-4D29-AB25-0D5B6D5D895B}.Release|Any CPU.Build.0 = Release|Any CPU
		{7B5952BA-2E3C-4C3C-BBA9-D77EE7B52A9F}.Debug|Any CPU.ActiveCfg = Debug|Any CPU
		{7B5952BA-2E3C-4C3C-BBA9-D77EE7B52A9F}.Debug|Any CPU.Build.0 = Debug|Any CPU
		{7B5952BA-2E3C-4C3C-BBA9-D77EE7B52A9F}.Release|Any CPU.ActiveCfg = Release|Any CPU
		{7B5952BA-2E3C-4C3C-BBA9-D77EE7B52A9F}.Release|Any CPU.Build.0 = Release|Any CPU
		{FA3C5775-5C6F-4CAE-8653-94E62A162E6A}.Debug|Any CPU.ActiveCfg = Debug|Any CPU
		{FA3C5775-5C6F-4CAE-8653-94E62A162E6A}.Debug|Any CPU.Build.0 = Debug|Any CPU
		{FA3C5775-5C6F-4CAE-8653-94E62A162E6A}.Release|Any CPU.ActiveCfg = Release|Any CPU
		{FA3C5775-5C6F-4CAE-8653-94E62A162E6A}.Release|Any CPU.Build.0 = Release|Any CPU
		{38971CD5-208A-4491-BA49-246B94ECBE19}.Debug|Any CPU.ActiveCfg = Debug|Any CPU
		{38971CD5-208A-4491-BA49-246B94ECBE19}.Debug|Any CPU.Build.0 = Debug|Any CPU
		{38971CD5-208A-4491-BA49-246B94ECBE19}.Release|Any CPU.ActiveCfg = Release|Any CPU
		{38971CD5-208A-4491-BA49-246B94ECBE19}.Release|Any CPU.Build.0 = Release|Any CPU
		{8D8F4928-2CC2-4F73-8EB4-EA5B39661E0A}.Debug|Any CPU.ActiveCfg = Debug|Any CPU
		{8D8F4928-2CC2-4F73-8EB4-EA5B39661E0A}.Debug|Any CPU.Build.0 = Debug|Any CPU
		{8D8F4928-2CC2-4F73-8EB4-EA5B39661E0A}.Release|Any CPU.ActiveCfg = Release|Any CPU
		{8D8F4928-2CC2-4F73-8EB4-EA5B39661E0A}.Release|Any CPU.Build.0 = Release|Any CPU
		{88437B7E-C337-47C5-A14F-C5D9573D498B}.Debug|Any CPU.ActiveCfg = Debug|Any CPU
		{88437B7E-C337-47C5-A14F-C5D9573D498B}.Debug|Any CPU.Build.0 = Debug|Any CPU
		{88437B7E-C337-47C5-A14F-C5D9573D498B}.Release|Any CPU.ActiveCfg = Release|Any CPU
		{88437B7E-C337-47C5-A14F-C5D9573D498B}.Release|Any CPU.Build.0 = Release|Any CPU
	EndGlobalSection
	GlobalSection(SolutionProperties) = preSolution
		HideSolutionNode = FALSE
	EndGlobalSection
EndGlobal
